// !$*UTF8*$!
{
	archiveVersion = 1;
	classes = {
	};
	objectVersion = 50;
	objects = {

/* Begin PBXBuildFile section */
		522C58A321BD2E0700CEEA89 /* AppDelegate.swift in Sources */ = {isa = PBXBuildFile; fileRef = 522C58A221BD2E0700CEEA89 /* AppDelegate.swift */; };
		522C58A821BD2E0700CEEA89 /* Main.storyboard in Resources */ = {isa = PBXBuildFile; fileRef = 522C58A621BD2E0700CEEA89 /* Main.storyboard */; };
		522C58AA21BD2E0900CEEA89 /* Assets.xcassets in Resources */ = {isa = PBXBuildFile; fileRef = 522C58A921BD2E0900CEEA89 /* Assets.xcassets */; };
		522C58AD21BD2E0900CEEA89 /* LaunchScreen.storyboard in Resources */ = {isa = PBXBuildFile; fileRef = 522C58AB21BD2E0900CEEA89 /* LaunchScreen.storyboard */; };
		522C58B821BD2E0900CEEA89 /* SweetLeapYearsTests.swift in Sources */ = {isa = PBXBuildFile; fileRef = 522C58B721BD2E0900CEEA89 /* SweetLeapYearsTests.swift */; };
		522C58CA21BD324800CEEA89 /* Leap_years_description.txt in Resources */ = {isa = PBXBuildFile; fileRef = 522C58C921BD324700CEEA89 /* Leap_years_description.txt */; };
		522C58CE21BD338F00CEEA89 /* MainViewController.swift in Sources */ = {isa = PBXBuildFile; fileRef = 522C58CD21BD338F00CEEA89 /* MainViewController.swift */; };
		522C58D021BD33BE00CEEA89 /* LeapYearAnalyzer.swift in Sources */ = {isa = PBXBuildFile; fileRef = 522C58CF21BD33BE00CEEA89 /* LeapYearAnalyzer.swift */; };
		522C58D321BD355D00CEEA89 /* Date+LeapYear.swift in Sources */ = {isa = PBXBuildFile; fileRef = 522C58D221BD355D00CEEA89 /* Date+LeapYear.swift */; };
/* End PBXBuildFile section */

/* Begin PBXContainerItemProxy section */
		522C58B421BD2E0900CEEA89 /* PBXContainerItemProxy */ = {
			isa = PBXContainerItemProxy;
			containerPortal = 522C589721BD2E0700CEEA89 /* Project object */;
			proxyType = 1;
			remoteGlobalIDString = 522C589E21BD2E0700CEEA89;
			remoteInfo = SweetLeapYears;
		};
/* End PBXContainerItemProxy section */

/* Begin PBXFileReference section */
		522C589F21BD2E0700CEEA89 /* SweetLeapYears.app */ = {isa = PBXFileReference; explicitFileType = wrapper.application; includeInIndex = 0; path = SweetLeapYears.app; sourceTree = BUILT_PRODUCTS_DIR; };
		522C58A221BD2E0700CEEA89 /* AppDelegate.swift */ = {isa = PBXFileReference; lastKnownFileType = sourcecode.swift; path = AppDelegate.swift; sourceTree = "<group>"; };
		522C58A721BD2E0700CEEA89 /* Base */ = {isa = PBXFileReference; lastKnownFileType = file.storyboard; name = Base; path = Base.lproj/Main.storyboard; sourceTree = "<group>"; };
		522C58A921BD2E0900CEEA89 /* Assets.xcassets */ = {isa = PBXFileReference; lastKnownFileType = folder.assetcatalog; path = Assets.xcassets; sourceTree = "<group>"; };
		522C58AC21BD2E0900CEEA89 /* Base */ = {isa = PBXFileReference; lastKnownFileType = file.storyboard; name = Base; path = Base.lproj/LaunchScreen.storyboard; sourceTree = "<group>"; };
		522C58AE21BD2E0900CEEA89 /* Info.plist */ = {isa = PBXFileReference; lastKnownFileType = text.plist.xml; path = Info.plist; sourceTree = "<group>"; };
		522C58B321BD2E0900CEEA89 /* SweetLeapYearsTests.xctest */ = {isa = PBXFileReference; explicitFileType = wrapper.cfbundle; includeInIndex = 0; path = SweetLeapYearsTests.xctest; sourceTree = BUILT_PRODUCTS_DIR; };
		522C58B721BD2E0900CEEA89 /* SweetLeapYearsTests.swift */ = {isa = PBXFileReference; lastKnownFileType = sourcecode.swift; path = SweetLeapYearsTests.swift; sourceTree = "<group>"; };
		522C58B921BD2E0900CEEA89 /* Info.plist */ = {isa = PBXFileReference; lastKnownFileType = text.plist.xml; path = Info.plist; sourceTree = "<group>"; };
		522C58C921BD324700CEEA89 /* Leap_years_description.txt */ = {isa = PBXFileReference; fileEncoding = 4; lastKnownFileType = text; path = Leap_years_description.txt; sourceTree = "<group>"; };
		522C58CD21BD338F00CEEA89 /* MainViewController.swift */ = {isa = PBXFileReference; fileEncoding = 4; lastKnownFileType = sourcecode.swift; path = MainViewController.swift; sourceTree = "<group>"; };
		522C58CF21BD33BE00CEEA89 /* LeapYearAnalyzer.swift */ = {isa = PBXFileReference; lastKnownFileType = sourcecode.swift; path = LeapYearAnalyzer.swift; sourceTree = "<group>"; };
		522C58D221BD355D00CEEA89 /* Date+LeapYear.swift */ = {isa = PBXFileReference; lastKnownFileType = sourcecode.swift; path = "Date+LeapYear.swift"; sourceTree = "<group>"; };
/* End PBXFileReference section */

/* Begin PBXFrameworksBuildPhase section */
		522C589C21BD2E0700CEEA89 /* Frameworks */ = {
			isa = PBXFrameworksBuildPhase;
			buildActionMask = 2147483647;
			files = (
			);
			runOnlyForDeploymentPostprocessing = 0;
		};
		522C58B021BD2E0900CEEA89 /* Frameworks */ = {
			isa = PBXFrameworksBuildPhase;
			buildActionMask = 2147483647;
			files = (
			);
			runOnlyForDeploymentPostprocessing = 0;
		};
/* End PBXFrameworksBuildPhase section */

/* Begin PBXGroup section */
		522C589621BD2E0700CEEA89 = {
			isa = PBXGroup;
			children = (
				522C58A121BD2E0700CEEA89 /* SweetLeapYears */,
				522C58B621BD2E0900CEEA89 /* SweetLeapYearsTests */,
				522C58A021BD2E0700CEEA89 /* Products */,
			);
			sourceTree = "<group>";
		};
		522C58A021BD2E0700CEEA89 /* Products */ = {
			isa = PBXGroup;
			children = (
				522C589F21BD2E0700CEEA89 /* SweetLeapYears.app */,
				522C58B321BD2E0900CEEA89 /* SweetLeapYearsTests.xctest */,
			);
			name = Products;
			sourceTree = "<group>";
		};
		522C58A121BD2E0700CEEA89 /* SweetLeapYears */ = {
			isa = PBXGroup;
			children = (
				522C58D121BD354700CEEA89 /* Extensions */,
				522C58CB21BD337800CEEA89 /* Analyzers */,
				522C58CC21BD338F00CEEA89 /* ViewControllers */,
				522C58A221BD2E0700CEEA89 /* AppDelegate.swift */,
				522C58A621BD2E0700CEEA89 /* Main.storyboard */,
				522C58AB21BD2E0900CEEA89 /* LaunchScreen.storyboard */,
				522C58AE21BD2E0900CEEA89 /* Info.plist */,
				522C58A921BD2E0900CEEA89 /* Assets.xcassets */,
				522C58C621BD2F3600CEEA89 /* Resources */,
			);
			path = SweetLeapYears;
			sourceTree = "<group>";
		};
		522C58B621BD2E0900CEEA89 /* SweetLeapYearsTests */ = {
			isa = PBXGroup;
			children = (
				522C58B721BD2E0900CEEA89 /* SweetLeapYearsTests.swift */,
				522C58B921BD2E0900CEEA89 /* Info.plist */,
			);
			path = SweetLeapYearsTests;
			sourceTree = "<group>";
		};
		522C58C621BD2F3600CEEA89 /* Resources */ = {
			isa = PBXGroup;
			children = (
				522C58C921BD324700CEEA89 /* Leap_years_description.txt */,
			);
			path = Resources;
			sourceTree = "<group>";
		};
		522C58CB21BD337800CEEA89 /* Analyzers */ = {
			isa = PBXGroup;
			children = (
				522C58CF21BD33BE00CEEA89 /* LeapYearAnalyzer.swift */,
			);
			path = Analyzers;
			sourceTree = "<group>";
		};
		522C58CC21BD338F00CEEA89 /* ViewControllers */ = {
			isa = PBXGroup;
			children = (
				522C58CD21BD338F00CEEA89 /* MainViewController.swift */,
			);
			path = ViewControllers;
			sourceTree = "<group>";
		};
		522C58D121BD354700CEEA89 /* Extensions */ = {
			isa = PBXGroup;
			children = (
				522C58D221BD355D00CEEA89 /* Date+LeapYear.swift */,
			);
			path = Extensions;
			sourceTree = "<group>";
		};
/* End PBXGroup section */

/* Begin PBXNativeTarget section */
		522C589E21BD2E0700CEEA89 /* SweetLeapYears */ = {
			isa = PBXNativeTarget;
			buildConfigurationList = 522C58BC21BD2E0900CEEA89 /* Build configuration list for PBXNativeTarget "SweetLeapYears" */;
			buildPhases = (
				522C589B21BD2E0700CEEA89 /* Sources */,
				522C589C21BD2E0700CEEA89 /* Frameworks */,
				522C589D21BD2E0700CEEA89 /* Resources */,
			);
			buildRules = (
			);
			dependencies = (
			);
			name = SweetLeapYears;
			productName = SweetLeapYears;
			productReference = 522C589F21BD2E0700CEEA89 /* SweetLeapYears.app */;
			productType = "com.apple.product-type.application";
		};
		522C58B221BD2E0900CEEA89 /* SweetLeapYearsTests */ = {
			isa = PBXNativeTarget;
			buildConfigurationList = 522C58BF21BD2E0900CEEA89 /* Build configuration list for PBXNativeTarget "SweetLeapYearsTests" */;
			buildPhases = (
				522C58AF21BD2E0900CEEA89 /* Sources */,
				522C58B021BD2E0900CEEA89 /* Frameworks */,
				522C58B121BD2E0900CEEA89 /* Resources */,
			);
			buildRules = (
			);
			dependencies = (
				522C58B521BD2E0900CEEA89 /* PBXTargetDependency */,
			);
			name = SweetLeapYearsTests;
			productName = SweetLeapYearsTests;
			productReference = 522C58B321BD2E0900CEEA89 /* SweetLeapYearsTests.xctest */;
			productType = "com.apple.product-type.bundle.unit-test";
		};
/* End PBXNativeTarget section */

/* Begin PBXProject section */
		522C589721BD2E0700CEEA89 /* Project object */ = {
			isa = PBXProject;
			attributes = {
				LastSwiftUpdateCheck = 1010;
				LastUpgradeCheck = 1010;
				ORGANIZATIONNAME = "Jérémie Vincke";
				TargetAttributes = {
					522C589E21BD2E0700CEEA89 = {
						CreatedOnToolsVersion = 10.1;
					};
					522C58B221BD2E0900CEEA89 = {
						CreatedOnToolsVersion = 10.1;
						TestTargetID = 522C589E21BD2E0700CEEA89;
					};
				};
			};
			buildConfigurationList = 522C589A21BD2E0700CEEA89 /* Build configuration list for PBXProject "SweetLeapYears" */;
			compatibilityVersion = "Xcode 9.3";
			developmentRegion = en;
			hasScannedForEncodings = 0;
			knownRegions = (
				en,
				Base,
			);
			mainGroup = 522C589621BD2E0700CEEA89;
			productRefGroup = 522C58A021BD2E0700CEEA89 /* Products */;
			projectDirPath = "";
			projectRoot = "";
			targets = (
				522C589E21BD2E0700CEEA89 /* SweetLeapYears */,
				522C58B221BD2E0900CEEA89 /* SweetLeapYearsTests */,
			);
		};
/* End PBXProject section */

/* Begin PBXResourcesBuildPhase section */
		522C589D21BD2E0700CEEA89 /* Resources */ = {
			isa = PBXResourcesBuildPhase;
			buildActionMask = 2147483647;
			files = (
				522C58AD21BD2E0900CEEA89 /* LaunchScreen.storyboard in Resources */,
				522C58AA21BD2E0900CEEA89 /* Assets.xcassets in Resources */,
				522C58A821BD2E0700CEEA89 /* Main.storyboard in Resources */,
				522C58CA21BD324800CEEA89 /* Leap_years_description.txt in Resources */,
			);
			runOnlyForDeploymentPostprocessing = 0;
		};
		522C58B121BD2E0900CEEA89 /* Resources */ = {
			isa = PBXResourcesBuildPhase;
			buildActionMask = 2147483647;
			files = (
			);
			runOnlyForDeploymentPostprocessing = 0;
		};
/* End PBXResourcesBuildPhase section */

/* Begin PBXSourcesBuildPhase section */
		522C589B21BD2E0700CEEA89 /* Sources */ = {
			isa = PBXSourcesBuildPhase;
			buildActionMask = 2147483647;
			files = (
				522C58CE21BD338F00CEEA89 /* MainViewController.swift in Sources */,
				522C58D021BD33BE00CEEA89 /* LeapYearAnalyzer.swift in Sources */,
				522C58D321BD355D00CEEA89 /* Date+LeapYear.swift in Sources */,
				522C58A321BD2E0700CEEA89 /* AppDelegate.swift in Sources */,
			);
			runOnlyForDeploymentPostprocessing = 0;
		};
		522C58AF21BD2E0900CEEA89 /* Sources */ = {
			isa = PBXSourcesBuildPhase;
			buildActionMask = 2147483647;
			files = (
				522C58B821BD2E0900CEEA89 /* SweetLeapYearsTests.swift in Sources */,
			);
			runOnlyForDeploymentPostprocessing = 0;
		};
/* End PBXSourcesBuildPhase section */

/* Begin PBXTargetDependency section */
		522C58B521BD2E0900CEEA89 /* PBXTargetDependency */ = {
			isa = PBXTargetDependency;
			target = 522C589E21BD2E0700CEEA89 /* SweetLeapYears */;
			targetProxy = 522C58B421BD2E0900CEEA89 /* PBXContainerItemProxy */;
		};
/* End PBXTargetDependency section */

/* Begin PBXVariantGroup section */
		522C58A621BD2E0700CEEA89 /* Main.storyboard */ = {
			isa = PBXVariantGroup;
			children = (
				522C58A721BD2E0700CEEA89 /* Base */,
			);
			name = Main.storyboard;
			sourceTree = "<group>";
		};
		522C58AB21BD2E0900CEEA89 /* LaunchScreen.storyboard */ = {
			isa = PBXVariantGroup;
			children = (
				522C58AC21BD2E0900CEEA89 /* Base */,
			);
			name = LaunchScreen.storyboard;
			sourceTree = "<group>";
		};
/* End PBXVariantGroup section */

/* Begin XCBuildConfiguration section */
		522C58BA21BD2E0900CEEA89 /* Debug */ = {
			isa = XCBuildConfiguration;
			buildSettings = {
				ALWAYS_SEARCH_USER_PATHS = NO;
				CLANG_ANALYZER_NONNULL = YES;
				CLANG_ANALYZER_NUMBER_OBJECT_CONVERSION = YES_AGGRESSIVE;
				CLANG_CXX_LANGUAGE_STANDARD = "gnu++14";
				CLANG_CXX_LIBRARY = "libc++";
				CLANG_ENABLE_MODULES = YES;
				CLANG_ENABLE_OBJC_ARC = YES;
				CLANG_ENABLE_OBJC_WEAK = YES;
				CLANG_WARN_BLOCK_CAPTURE_AUTORELEASING = YES;
				CLANG_WARN_BOOL_CONVERSION = YES;
				CLANG_WARN_COMMA = YES;
				CLANG_WARN_CONSTANT_CONVERSION = YES;
				CLANG_WARN_DEPRECATED_OBJC_IMPLEMENTATIONS = YES;
				CLANG_WARN_DIRECT_OBJC_ISA_USAGE = YES_ERROR;
				CLANG_WARN_DOCUMENTATION_COMMENTS = YES;
				CLANG_WARN_EMPTY_BODY = YES;
				CLANG_WARN_ENUM_CONVERSION = YES;
				CLANG_WARN_INFINITE_RECURSION = YES;
				CLANG_WARN_INT_CONVERSION = YES;
				CLANG_WARN_NON_LITERAL_NULL_CONVERSION = YES;
				CLANG_WARN_OBJC_IMPLICIT_RETAIN_SELF = YES;
				CLANG_WARN_OBJC_LITERAL_CONVERSION = YES;
				CLANG_WARN_OBJC_ROOT_CLASS = YES_ERROR;
				CLANG_WARN_RANGE_LOOP_ANALYSIS = YES;
				CLANG_WARN_STRICT_PROTOTYPES = YES;
				CLANG_WARN_SUSPICIOUS_MOVE = YES;
				CLANG_WARN_UNGUARDED_AVAILABILITY = YES_AGGRESSIVE;
				CLANG_WARN_UNREACHABLE_CODE = YES;
				CLANG_WARN__DUPLICATE_METHOD_MATCH = YES;
				CODE_SIGN_IDENTITY = "iPhone Developer";
				COPY_PHASE_STRIP = NO;
				DEBUG_INFORMATION_FORMAT = dwarf;
				ENABLE_STRICT_OBJC_MSGSEND = YES;
				ENABLE_TESTABILITY = YES;
				GCC_C_LANGUAGE_STANDARD = gnu11;
				GCC_DYNAMIC_NO_PIC = NO;
				GCC_NO_COMMON_BLOCKS = YES;
				GCC_OPTIMIZATION_LEVEL = 0;
				GCC_PREPROCESSOR_DEFINITIONS = (
					"DEBUG=1",
					"$(inherited)",
				);
				GCC_WARN_64_TO_32_BIT_CONVERSION = YES;
				GCC_WARN_ABOUT_RETURN_TYPE = YES_ERROR;
				GCC_WARN_UNDECLARED_SELECTOR = YES;
				GCC_WARN_UNINITIALIZED_AUTOS = YES_AGGRESSIVE;
				GCC_WARN_UNUSED_FUNCTION = YES;
				GCC_WARN_UNUSED_VARIABLE = YES;
				IPHONEOS_DEPLOYMENT_TARGET = 12.1;
				MTL_ENABLE_DEBUG_INFO = INCLUDE_SOURCE;
				MTL_FAST_MATH = YES;
				ONLY_ACTIVE_ARCH = YES;
				SDKROOT = iphoneos;
				SWIFT_ACTIVE_COMPILATION_CONDITIONS = DEBUG;
				SWIFT_OPTIMIZATION_LEVEL = "-Onone";
			};
			name = Debug;
		};
		522C58BB21BD2E0900CEEA89 /* Release */ = {
			isa = XCBuildConfiguration;
			buildSettings = {
				ALWAYS_SEARCH_USER_PATHS = NO;
				CLANG_ANALYZER_NONNULL = YES;
				CLANG_ANALYZER_NUMBER_OBJECT_CONVERSION = YES_AGGRESSIVE;
				CLANG_CXX_LANGUAGE_STANDARD = "gnu++14";
				CLANG_CXX_LIBRARY = "libc++";
				CLANG_ENABLE_MODULES = YES;
				CLANG_ENABLE_OBJC_ARC = YES;
				CLANG_ENABLE_OBJC_WEAK = YES;
				CLANG_WARN_BLOCK_CAPTURE_AUTORELEASING = YES;
				CLANG_WARN_BOOL_CONVERSION = YES;
				CLANG_WARN_COMMA = YES;
				CLANG_WARN_CONSTANT_CONVERSION = YES;
				CLANG_WARN_DEPRECATED_OBJC_IMPLEMENTATIONS = YES;
				CLANG_WARN_DIRECT_OBJC_ISA_USAGE = YES_ERROR;
				CLANG_WARN_DOCUMENTATION_COMMENTS = YES;
				CLANG_WARN_EMPTY_BODY = YES;
				CLANG_WARN_ENUM_CONVERSION = YES;
				CLANG_WARN_INFINITE_RECURSION = YES;
				CLANG_WARN_INT_CONVERSION = YES;
				CLANG_WARN_NON_LITERAL_NULL_CONVERSION = YES;
				CLANG_WARN_OBJC_IMPLICIT_RETAIN_SELF = YES;
				CLANG_WARN_OBJC_LITERAL_CONVERSION = YES;
				CLANG_WARN_OBJC_ROOT_CLASS = YES_ERROR;
				CLANG_WARN_RANGE_LOOP_ANALYSIS = YES;
				CLANG_WARN_STRICT_PROTOTYPES = YES;
				CLANG_WARN_SUSPICIOUS_MOVE = YES;
				CLANG_WARN_UNGUARDED_AVAILABILITY = YES_AGGRESSIVE;
				CLANG_WARN_UNREACHABLE_CODE = YES;
				CLANG_WARN__DUPLICATE_METHOD_MATCH = YES;
				CODE_SIGN_IDENTITY = "iPhone Developer";
				COPY_PHASE_STRIP = NO;
				DEBUG_INFORMATION_FORMAT = "dwarf-with-dsym";
				ENABLE_NS_ASSERTIONS = NO;
				ENABLE_STRICT_OBJC_MSGSEND = YES;
				GCC_C_LANGUAGE_STANDARD = gnu11;
				GCC_NO_COMMON_BLOCKS = YES;
				GCC_WARN_64_TO_32_BIT_CONVERSION = YES;
				GCC_WARN_ABOUT_RETURN_TYPE = YES_ERROR;
				GCC_WARN_UNDECLARED_SELECTOR = YES;
				GCC_WARN_UNINITIALIZED_AUTOS = YES_AGGRESSIVE;
				GCC_WARN_UNUSED_FUNCTION = YES;
				GCC_WARN_UNUSED_VARIABLE = YES;
				IPHONEOS_DEPLOYMENT_TARGET = 12.1;
				MTL_ENABLE_DEBUG_INFO = NO;
				MTL_FAST_MATH = YES;
				SDKROOT = iphoneos;
				SWIFT_COMPILATION_MODE = wholemodule;
				SWIFT_OPTIMIZATION_LEVEL = "-O";
				VALIDATE_PRODUCT = YES;
			};
			name = Release;
		};
		522C58BD21BD2E0900CEEA89 /* Debug */ = {
			isa = XCBuildConfiguration;
			buildSettings = {
				ASSETCATALOG_COMPILER_APPICON_NAME = AppIcon;
				CODE_SIGN_STYLE = Automatic;
				DEVELOPMENT_TEAM = WK5C2L5W73;
				INFOPLIST_FILE = SweetLeapYears/Info.plist;
				LD_RUNPATH_SEARCH_PATHS = (
					"$(inherited)",
					"@executable_path/Frameworks",
				);
				PRODUCT_BUNDLE_IDENTIFIER = JV.SweetLeapYears;
				PRODUCT_NAME = "$(TARGET_NAME)";
				SWIFT_VERSION = 4.2;
				TARGETED_DEVICE_FAMILY = "1,2";
			};
			name = Debug;
		};
		522C58BE21BD2E0900CEEA89 /* Release */ = {
			isa = XCBuildConfiguration;
			buildSettings = {
				ASSETCATALOG_COMPILER_APPICON_NAME = AppIcon;
				CODE_SIGN_STYLE = Automatic;
				DEVELOPMENT_TEAM = WK5C2L5W73;
				INFOPLIST_FILE = SweetLeapYears/Info.plist;
				LD_RUNPATH_SEARCH_PATHS = (
					"$(inherited)",
					"@executable_path/Frameworks",
				);
				PRODUCT_BUNDLE_IDENTIFIER = JV.SweetLeapYears;
				PRODUCT_NAME = "$(TARGET_NAME)";
				SWIFT_VERSION = 4.2;
				TARGETED_DEVICE_FAMILY = "1,2";
			};
			name = Release;
		};
		522C58C021BD2E0900CEEA89 /* Debug */ = {
			isa = XCBuildConfiguration;
			buildSettings = {
				ALWAYS_EMBED_SWIFT_STANDARD_LIBRARIES = YES;
				BUNDLE_LOADER = "$(TEST_HOST)";
				CODE_SIGN_STYLE = Automatic;
				DEVELOPMENT_TEAM = WK5C2L5W73;
				INFOPLIST_FILE = SweetLeapYearsTests/Info.plist;
				LD_RUNPATH_SEARCH_PATHS = (
					"$(inherited)",
					"@executable_path/Frameworks",
					"@loader_path/Frameworks",
				);
				PRODUCT_BUNDLE_IDENTIFIER = JV.SweetLeapYearsTests;
				PRODUCT_NAME = "$(TARGET_NAME)";
				SWIFT_VERSION = 4.2;
				TARGETED_DEVICE_FAMILY = "1,2";
				TEST_HOST = "$(BUILT_PRODUCTS_DIR)/SweetLeapYears.app/SweetLeapYears";
			};
			name = Debug;
		};
		522C58C121BD2E0900CEEA89 /* Release */ = {
			isa = XCBuildConfiguration;
			buildSettings = {
				ALWAYS_EMBED_SWIFT_STANDARD_LIBRARIES = YES;
				BUNDLE_LOADER = "$(TEST_HOST)";
				CODE_SIGN_STYLE = Automatic;
				DEVELOPMENT_TEAM = WK5C2L5W73;
				INFOPLIST_FILE = SweetLeapYearsTests/Info.plist;
				LD_RUNPATH_SEARCH_PATHS = (
					"$(inherited)",
					"@executable_path/Frameworks",
					"@loader_path/Frameworks",
				);
				PRODUCT_BUNDLE_IDENTIFIER = JV.SweetLeapYearsTests;
				PRODUCT_NAME = "$(TARGET_NAME)";
				SWIFT_VERSION = 4.2;
				TARGETED_DEVICE_FAMILY = "1,2";
				TEST_HOST = "$(BUILT_PRODUCTS_DIR)/SweetLeapYears.app/SweetLeapYears";
			};
			name = Release;
		};
/* End XCBuildConfiguration section */

/* Begin XCConfigurationList section */
		522C589A21BD2E0700CEEA89 /* Build configuration list for PBXProject "SweetLeapYears" */ = {
			isa = XCConfigurationList;
			buildConfigurations = (
				522C58BA21BD2E0900CEEA89 /* Debug */,
				522C58BB21BD2E0900CEEA89 /* Release */,
			);
			defaultConfigurationIsVisible = 0;
			defaultConfigurationName = Release;
		};
		522C58BC21BD2E0900CEEA89 /* Build configuration list for PBXNativeTarget "SweetLeapYears" */ = {
			isa = XCConfigurationList;
			buildConfigurations = (
				522C58BD21BD2E0900CEEA89 /* Debug */,
				522C58BE21BD2E0900CEEA89 /* Release */,
			);
			defaultConfigurationIsVisible = 0;
			defaultConfigurationName = Release;
		};
		522C58BF21BD2E0900CEEA89 /* Build configuration list for PBXNativeTarget "SweetLeapYearsTests" */ = {
			isa = XCConfigurationList;
			buildConfigurations = (
				522C58C021BD2E0900CEEA89 /* Debug */,
				522C58C121BD2E0900CEEA89 /* Release */,
			);
			defaultConfigurationIsVisible = 0;
			defaultConfigurationName = Release;
		};
/* End XCConfigurationList section */
	};
	rootObject = 522C589721BD2E0700CEEA89 /* Project object */;
}
